
Microsoft Visual Studio Solution File, Format Version 12.00
# Visual Studio Version 17
VisualStudioVersion = 17.4.33213.308
MinimumVisualStudioVersion = 10.0.40219.1
Project("{FAE04EC0-301F-11D3-BF4B-00C04F79EFBC}") = "MagicVilla_API", "MagicVilla_API\MagicVilla_API.csproj", "{25ECAC58-CF6B-40AE-998B-32D940F9FF56}"
EndProject
Global
	GlobalSection(SolutionConfigurationPlatforms) = preSolution
		Debug|Any CPU = Debug|Any CPU
		Release|Any CPU = Release|Any CPU
	EndGlobalSection
	GlobalSection(ProjectConfigurationPlatforms) = postSolution
		{25ECAC58-CF6B-40AE-998B-32D940F9FF56}.Debug|Any CPU.ActiveCfg = Debug|Any CPU
		{25ECAC58-CF6B-40AE-998B-32D940F9FF56}.Debug|Any CPU.Build.0 = Debug|Any CPU
		{25ECAC58-CF6B-40AE-998B-32D940F9FF56}.Release|Any CPU.ActiveCfg = Release|Any CPU
		{25ECAC58-CF6B-40AE-998B-32D940F9FF56}.Release|Any CPU.Build.0 = Release|Any CPU
	EndGlobalSection
	GlobalSection(SolutionProperties) = preSolution
		HideSolutionNode = FALSE
	EndGlobalSection
	GlobalSection(ExtensibilityGlobals) = postSolution
		SolutionGuid = {9ACA5692-3F21-44B5-A259-C594FDE8717F}
	EndGlobalSection
EndGlobal
